{
  "name": "satria-water-quality-ews",
  "lockfileVersion": 3,
  "requires": true,
  "packages": {
    "": {
      "dependencies": {
        "packge.json": "^1.0.0"
      }
    },
    "node_modules/packge.json": {
      "version": "1.0.0",
      "resolved": "https://registry.npmjs.org/packge.json/-/packge.json-1.0.0.tgz",
      "integrity": "sha512-68ooJo3DcGJ/xYRZpHaV95RGvqNJxueGEvCfkvSqIQwdW6IemYSqLkpHbt9alb08gJr/Z6bEE6CuycOLgGkMEw==",
      "license": "ISC",
      "bin": {
        "packge.json": "main.js"
      }
    }
  }
}
